
Microsoft Visual Studio Solution File, Format Version 12.00
# Visual Studio Version 17
VisualStudioVersion = 17.10.35013.160
MinimumVisualStudioVersion = 10.0.40219.1
Project("{9A19103F-16F7-4668-BE54-9A1E7A4F7556}") = "MovieSystem.Infrastructure", "MovieSystem.Infrastructure\MovieSystem.Infrastructure.csproj", "{888AF73F-1BF0-48FA-9EC1-C6F372B02AA6}"
EndProject
Project("{FAE04EC0-301F-11D3-BF4B-00C04F79EFBC}") = "MovieSystem.Domain", "MovieSystem.Domain\MovieSystem.Domain.csproj", "{F33D7208-B623-4563-8A64-2DFF0CDF0038}"
EndProject
Project("{FAE04EC0-301F-11D3-BF4B-00C04F79EFBC}") = "MovieSystem.Application", "MovieSystem.Application\MovieSystem.Application.csproj", "{E7A6970E-A809-4BDF-B3C1-8B658ABC411D}"
EndProject
Project("{FAE04EC0-301F-11D3-BF4B-00C04F79EFBC}") = "MovieSystem.API", "MovieSystem.API\MovieSystem.API.csproj", "{F6C9C61E-AA38-4E58-AF04-BF97EC5C1366}"
EndProject
Global
	GlobalSection(SolutionConfigurationPlatforms) = preSolution
		Debug|Any CPU = Debug|Any CPU
		Release|Any CPU = Release|Any CPU
	EndGlobalSection
	GlobalSection(ProjectConfigurationPlatforms) = postSolution
		{888AF73F-1BF0-48FA-9EC1-C6F372B02AA6}.Debug|Any CPU.ActiveCfg = Debug|Any CPU
		{888AF73F-1BF0-48FA-9EC1-C6F372B02AA6}.Debug|Any CPU.Build.0 = Debug|Any CPU
		{888AF73F-1BF0-48FA-9EC1-C6F372B02AA6}.Release|Any CPU.ActiveCfg = Release|Any CPU
		{888AF73F-1BF0-48FA-9EC1-C6F372B02AA6}.Release|Any CPU.Build.0 = Release|Any CPU
		{F33D7208-B623-4563-8A64-2DFF0CDF0038}.Debug|Any CPU.ActiveCfg = Debug|Any CPU
		{F33D7208-B623-4563-8A64-2DFF0CDF0038}.Debug|Any CPU.Build.0 = Debug|Any CPU
		{F33D7208-B623-4563-8A64-2DFF0CDF0038}.Release|Any CPU.ActiveCfg = Release|Any CPU
		{F33D7208-B623-4563-8A64-2DFF0CDF0038}.Release|Any CPU.Build.0 = Release|Any CPU
		{E7A6970E-A809-4BDF-B3C1-8B658ABC411D}.Debug|Any CPU.ActiveCfg = Debug|Any CPU
		{E7A6970E-A809-4BDF-B3C1-8B658ABC411D}.Debug|Any CPU.Build.0 = Debug|Any CPU
		{E7A6970E-A809-4BDF-B3C1-8B658ABC411D}.Release|Any CPU.ActiveCfg = Release|Any CPU
		{E7A6970E-A809-4BDF-B3C1-8B658ABC411D}.Release|Any CPU.Build.0 = Release|Any CPU
		{F6C9C61E-AA38-4E58-AF04-BF97EC5C1366}.Debug|Any CPU.ActiveCfg = Debug|Any CPU
		{F6C9C61E-AA38-4E58-AF04-BF97EC5C1366}.Debug|Any CPU.Build.0 = Debug|Any CPU
		{F6C9C61E-AA38-4E58-AF04-BF97EC5C1366}.Release|Any CPU.ActiveCfg = Release|Any CPU
		{F6C9C61E-AA38-4E58-AF04-BF97EC5C1366}.Release|Any CPU.Build.0 = Release|Any CPU
	EndGlobalSection
	GlobalSection(SolutionProperties) = preSolution
		HideSolutionNode = FALSE
	EndGlobalSection
	GlobalSection(ExtensibilityGlobals) = postSolution
		SolutionGuid = {DE388634-88B6-4D8C-AABA-70899167F64D}
	EndGlobalSection
EndGlobal
